// !$*UTF8*$!
{
	archiveVersion = 1;
	classes = {
	};
	objectVersion = 56;
	objects = {

/* Begin PBXBuildFile section */
		AC2AD4002B86B6D600BC2183 /* FootballProRiseApp.swift in Sources */ = {isa = PBXBuildFile; fileRef = AC2AD3FF2B86B6D600BC2183 /* FootballProRiseApp.swift */; };
		AC2AD4022B86B6D600BC2183 /* ContentView.swift in Sources */ = {isa = PBXBuildFile; fileRef = AC2AD4012B86B6D600BC2183 /* ContentView.swift */; };
		AC2AD4042B86B6D900BC2183 /* Assets.xcassets in Resources */ = {isa = PBXBuildFile; fileRef = AC2AD4032B86B6D900BC2183 /* Assets.xcassets */; };
		AC2AD4072B86B6D900BC2183 /* Preview Assets.xcassets in Resources */ = {isa = PBXBuildFile; fileRef = AC2AD4062B86B6D900BC2183 /* Preview Assets.xcassets */; };
		AC2AD4102B86B89400BC2183 /* Text.swift in Sources */ = {isa = PBXBuildFile; fileRef = AC2AD40F2B86B89400BC2183 /* Text.swift */; };
		AC2AD4792B89379100BC2183 /* CarouselView.swift in Sources */ = {isa = PBXBuildFile; fileRef = AC2AD4782B89379100BC2183 /* CarouselView.swift */; };
		AC2AD47B2B89468700BC2183 /* CarouselLogic.swift in Sources */ = {isa = PBXBuildFile; fileRef = AC2AD47A2B89468700BC2183 /* CarouselLogic.swift */; };
		AC2AD47D2B89FEF700BC2183 /* Spartan-ExtraBold.ttf in Resources */ = {isa = PBXBuildFile; fileRef = AC2AD47C2B89FEF700BC2183 /* Spartan-ExtraBold.ttf */; };
		AC2AD47F2B89FF0600BC2183 /* Spartan-Regular.ttf in Resources */ = {isa = PBXBuildFile; fileRef = AC2AD47E2B89FF0600BC2183 /* Spartan-Regular.ttf */; };
		AC2AD4832B8A01DE00BC2183 /* Spartan-Bold.ttf in Resources */ = {isa = PBXBuildFile; fileRef = AC2AD4822B8A01DE00BC2183 /* Spartan-Bold.ttf */; };
		AC2AD4852B8A05CB00BC2183 /* Splash.swift in Sources */ = {isa = PBXBuildFile; fileRef = AC2AD4842B8A05CB00BC2183 /* Splash.swift */; };
		AC2AD4882B8A063400BC2183 /* UserDefaults.swift in Sources */ = {isa = PBXBuildFile; fileRef = AC2AD4872B8A063400BC2183 /* UserDefaults.swift */; };
		AC2AD48B2B8A086400BC2183 /* Image+ext.swift in Sources */ = {isa = PBXBuildFile; fileRef = AC2AD48A2B8A086400BC2183 /* Image+ext.swift */; };
		AC2AD48D2B8A452D00BC2183 /* Welcome.swift in Sources */ = {isa = PBXBuildFile; fileRef = AC2AD48C2B8A452D00BC2183 /* Welcome.swift */; };
		AC2AD48F2B8A473900BC2183 /* Fonts.swift in Sources */ = {isa = PBXBuildFile; fileRef = AC2AD48E2B8A473900BC2183 /* Fonts.swift */; };
		AC2AD4912B8A6F5C00BC2183 /* GameLogic.swift in Sources */ = {isa = PBXBuildFile; fileRef = AC2AD4902B8A6F5C00BC2183 /* GameLogic.swift */; };
		AC2AD4932B8A7AE300BC2183 /* Great.swift in Sources */ = {isa = PBXBuildFile; fileRef = AC2AD4922B8A7AE300BC2183 /* Great.swift */; };
		AC2AD4952B8A922E00BC2183 /* Spartan-Medium.ttf in Resources */ = {isa = PBXBuildFile; fileRef = AC2AD4942B8A922E00BC2183 /* Spartan-Medium.ttf */; };
		AC2AD4972B8A946900BC2183 /* Spartan-SemiBold.ttf in Resources */ = {isa = PBXBuildFile; fileRef = AC2AD4962B8A946900BC2183 /* Spartan-SemiBold.ttf */; };
		AC2AD52C2B8D557900BC2183 /* CarouselView2.swift in Sources */ = {isa = PBXBuildFile; fileRef = AC2AD52B2B8D557900BC2183 /* CarouselView2.swift */; };
		AC2AD52F2B8E005400BC2183 /* QuestionModel.swift in Sources */ = {isa = PBXBuildFile; fileRef = AC2AD52E2B8E005400BC2183 /* QuestionModel.swift */; };
		AC2AD5442B8FB1C000BC2183 /* GradAnimation.swift in Sources */ = {isa = PBXBuildFile; fileRef = AC2AD5432B8FB1C000BC2183 /* GradAnimation.swift */; };
		AC2AD5462B8FC71300BC2183 /* Nutrition.swift in Sources */ = {isa = PBXBuildFile; fileRef = AC2AD5452B8FC71300BC2183 /* Nutrition.swift */; };
		AC2AD5482B8FCA0700BC2183 /* EnergyLevel.swift in Sources */ = {isa = PBXBuildFile; fileRef = AC2AD5472B8FCA0700BC2183 /* EnergyLevel.swift */; };
/* End PBXBuildFile section */

/* Begin PBXFileReference section */
		AC2AD3FC2B86B6D600BC2183 /* FootballProRise.app */ = {isa = PBXFileReference; explicitFileType = wrapper.application; includeInIndex = 0; path = FootballProRise.app; sourceTree = BUILT_PRODUCTS_DIR; };
		AC2AD3FF2B86B6D600BC2183 /* FootballProRiseApp.swift */ = {isa = PBXFileReference; lastKnownFileType = sourcecode.swift; path = FootballProRiseApp.swift; sourceTree = "<group>"; };
		AC2AD4012B86B6D600BC2183 /* ContentView.swift */ = {isa = PBXFileReference; lastKnownFileType = sourcecode.swift; path = ContentView.swift; sourceTree = "<group>"; };
		AC2AD4032B86B6D900BC2183 /* Assets.xcassets */ = {isa = PBXFileReference; lastKnownFileType = folder.assetcatalog; path = Assets.xcassets; sourceTree = "<group>"; };
		AC2AD4062B86B6D900BC2183 /* Preview Assets.xcassets */ = {isa = PBXFileReference; lastKnownFileType = folder.assetcatalog; path = "Preview Assets.xcassets"; sourceTree = "<group>"; };
		AC2AD40F2B86B89400BC2183 /* Text.swift */ = {isa = PBXFileReference; lastKnownFileType = sourcecode.swift; path = Text.swift; sourceTree = "<group>"; };
		AC2AD4782B89379100BC2183 /* CarouselView.swift */ = {isa = PBXFileReference; lastKnownFileType = sourcecode.swift; path = CarouselView.swift; sourceTree = "<group>"; };
		AC2AD47A2B89468700BC2183 /* CarouselLogic.swift */ = {isa = PBXFileReference; lastKnownFileType = sourcecode.swift; path = CarouselLogic.swift; sourceTree = "<group>"; };
		AC2AD47C2B89FEF700BC2183 /* Spartan-ExtraBold.ttf */ = {isa = PBXFileReference; lastKnownFileType = file; path = "Spartan-ExtraBold.ttf"; sourceTree = "<group>"; };
		AC2AD47E2B89FF0600BC2183 /* Spartan-Regular.ttf */ = {isa = PBXFileReference; lastKnownFileType = file; path = "Spartan-Regular.ttf"; sourceTree = "<group>"; };
		AC2AD4802B89FF2700BC2183 /* Info.plist */ = {isa = PBXFileReference; lastKnownFileType = text.plist; path = Info.plist; sourceTree = "<group>"; };
		AC2AD4822B8A01DE00BC2183 /* Spartan-Bold.ttf */ = {isa = PBXFileReference; lastKnownFileType = file; path = "Spartan-Bold.ttf"; sourceTree = "<group>"; };
		AC2AD4842B8A05CB00BC2183 /* Splash.swift */ = {isa = PBXFileReference; lastKnownFileType = sourcecode.swift; path = Splash.swift; sourceTree = "<group>"; };
		AC2AD4872B8A063400BC2183 /* UserDefaults.swift */ = {isa = PBXFileReference; lastKnownFileType = sourcecode.swift; path = UserDefaults.swift; sourceTree = "<group>"; };
		AC2AD48A2B8A086400BC2183 /* Image+ext.swift */ = {isa = PBXFileReference; lastKnownFileType = sourcecode.swift; path = "Image+ext.swift"; sourceTree = "<group>"; };
		AC2AD48C2B8A452D00BC2183 /* Welcome.swift */ = {isa = PBXFileReference; lastKnownFileType = sourcecode.swift; path = Welcome.swift; sourceTree = "<group>"; };
		AC2AD48E2B8A473900BC2183 /* Fonts.swift */ = {isa = PBXFileReference; lastKnownFileType = sourcecode.swift; path = Fonts.swift; sourceTree = "<group>"; };
		AC2AD4902B8A6F5C00BC2183 /* GameLogic.swift */ = {isa = PBXFileReference; lastKnownFileType = sourcecode.swift; path = GameLogic.swift; sourceTree = "<group>"; };
		AC2AD4922B8A7AE300BC2183 /* Great.swift */ = {isa = PBXFileReference; lastKnownFileType = sourcecode.swift; path = Great.swift; sourceTree = "<group>"; };
		AC2AD4942B8A922E00BC2183 /* Spartan-Medium.ttf */ = {isa = PBXFileReference; lastKnownFileType = file; path = "Spartan-Medium.ttf"; sourceTree = "<group>"; };
		AC2AD4962B8A946900BC2183 /* Spartan-SemiBold.ttf */ = {isa = PBXFileReference; lastKnownFileType = file; path = "Spartan-SemiBold.ttf"; sourceTree = "<group>"; };
		AC2AD52B2B8D557900BC2183 /* CarouselView2.swift */ = {isa = PBXFileReference; lastKnownFileType = sourcecode.swift; path = CarouselView2.swift; sourceTree = "<group>"; };
		AC2AD52E2B8E005400BC2183 /* QuestionModel.swift */ = {isa = PBXFileReference; lastKnownFileType = sourcecode.swift; path = QuestionModel.swift; sourceTree = "<group>"; };
		AC2AD5432B8FB1C000BC2183 /* GradAnimation.swift */ = {isa = PBXFileReference; fileEncoding = 4; lastKnownFileType = sourcecode.swift; path = GradAnimation.swift; sourceTree = "<group>"; };
		AC2AD5452B8FC71300BC2183 /* Nutrition.swift */ = {isa = PBXFileReference; lastKnownFileType = sourcecode.swift; path = Nutrition.swift; sourceTree = "<group>"; };
		AC2AD5472B8FCA0700BC2183 /* EnergyLevel.swift */ = {isa = PBXFileReference; lastKnownFileType = sourcecode.swift; path = EnergyLevel.swift; sourceTree = "<group>"; };
/* End PBXFileReference section */

/* Begin PBXFrameworksBuildPhase section */
		AC2AD3F92B86B6D600BC2183 /* Frameworks */ = {
			isa = PBXFrameworksBuildPhase;
			buildActionMask = 2147483647;
			files = (
			);
			runOnlyForDeploymentPostprocessing = 0;
		};
/* End PBXFrameworksBuildPhase section */

/* Begin PBXGroup section */
		AC2AD3F32B86B6D600BC2183 = {
			isa = PBXGroup;
			children = (
				AC2AD3FE2B86B6D600BC2183 /* FootballProRise */,
				AC2AD3FD2B86B6D600BC2183 /* Products */,
			);
			sourceTree = "<group>";
		};
		AC2AD3FD2B86B6D600BC2183 /* Products */ = {
			isa = PBXGroup;
			children = (
				AC2AD3FC2B86B6D600BC2183 /* FootballProRise.app */,
			);
			name = Products;
			sourceTree = "<group>";
		};
		AC2AD3FE2B86B6D600BC2183 /* FootballProRise */ = {
			isa = PBXGroup;
			children = (
				AC2AD4802B89FF2700BC2183 /* Info.plist */,
				AC2AD3FF2B86B6D600BC2183 /* FootballProRiseApp.swift */,
				AC2AD4012B86B6D600BC2183 /* ContentView.swift */,
				AC2AD4902B8A6F5C00BC2183 /* GameLogic.swift */,
				AC2AD52D2B8DFFB200BC2183 /* Models */,
				AC2AD4862B8A060200BC2183 /* UserDefaults */,
				AC2AD4812B89FF6400BC2183 /* Screens */,
				AC2AD4772B89376100BC2183 /* Components */,
				AC2AD40D2B86B84100BC2183 /* Resources */,
				AC2AD4032B86B6D900BC2183 /* Assets.xcassets */,
				AC2AD4892B8A084900BC2183 /* Extensions */,
				AC2AD4052B86B6D900BC2183 /* Preview Content */,
			);
			path = FootballProRise;
			sourceTree = "<group>";
		};
		AC2AD4052B86B6D900BC2183 /* Preview Content */ = {
			isa = PBXGroup;
			children = (
				AC2AD4062B86B6D900BC2183 /* Preview Assets.xcassets */,
			);
			path = "Preview Content";
			sourceTree = "<group>";
		};
		AC2AD40D2B86B84100BC2183 /* Resources */ = {
			isa = PBXGroup;
			children = (
				AC2AD40E2B86B84E00BC2183 /* Fonts */,
				AC2AD40F2B86B89400BC2183 /* Text.swift */,
				AC2AD48E2B8A473900BC2183 /* Fonts.swift */,
			);
			path = Resources;
			sourceTree = "<group>";
		};
		AC2AD40E2B86B84E00BC2183 /* Fonts */ = {
			isa = PBXGroup;
			children = (
				AC2AD47C2B89FEF700BC2183 /* Spartan-ExtraBold.ttf */,
				AC2AD4822B8A01DE00BC2183 /* Spartan-Bold.ttf */,
				AC2AD4962B8A946900BC2183 /* Spartan-SemiBold.ttf */,
				AC2AD4942B8A922E00BC2183 /* Spartan-Medium.ttf */,
				AC2AD47E2B89FF0600BC2183 /* Spartan-Regular.ttf */,
			);
			path = Fonts;
			sourceTree = "<group>";
		};
		AC2AD4772B89376100BC2183 /* Components */ = {
			isa = PBXGroup;
			children = (
				AC2AD5432B8FB1C000BC2183 /* GradAnimation.swift */,
				AC2AD5472B8FCA0700BC2183 /* EnergyLevel.swift */,
				AC2AD4782B89379100BC2183 /* CarouselView.swift */,
				AC2AD52B2B8D557900BC2183 /* CarouselView2.swift */,
				AC2AD47A2B89468700BC2183 /* CarouselLogic.swift */,
			);
			path = Components;
			sourceTree = "<group>";
		};
		AC2AD4812B89FF6400BC2183 /* Screens */ = {
			isa = PBXGroup;
			children = (
				AC2AD4842B8A05CB00BC2183 /* Splash.swift */,
				AC2AD48C2B8A452D00BC2183 /* Welcome.swift */,
				AC2AD4922B8A7AE300BC2183 /* Great.swift */,
				AC2AD5452B8FC71300BC2183 /* Nutrition.swift */,
			);
			path = Screens;
			sourceTree = "<group>";
		};
		AC2AD4862B8A060200BC2183 /* UserDefaults */ = {
			isa = PBXGroup;
			children = (
				AC2AD4872B8A063400BC2183 /* UserDefaults.swift */,
			);
			path = UserDefaults;
			sourceTree = "<group>";
		};
		AC2AD4892B8A084900BC2183 /* Extensions */ = {
			isa = PBXGroup;
			children = (
				AC2AD48A2B8A086400BC2183 /* Image+ext.swift */,
			);
			path = Extensions;
			sourceTree = "<group>";
		};
		AC2AD52D2B8DFFB200BC2183 /* Models */ = {
			isa = PBXGroup;
			children = (
				AC2AD52E2B8E005400BC2183 /* QuestionModel.swift */,
			);
			path = Models;
			sourceTree = "<group>";
		};
/* End PBXGroup section */

/* Begin PBXNativeTarget section */
		AC2AD3FB2B86B6D600BC2183 /* FootballProRise */ = {
			isa = PBXNativeTarget;
			buildConfigurationList = AC2AD40A2B86B6D900BC2183 /* Build configuration list for PBXNativeTarget "FootballProRise" */;
			buildPhases = (
				AC2AD3F82B86B6D600BC2183 /* Sources */,
				AC2AD3F92B86B6D600BC2183 /* Frameworks */,
				AC2AD3FA2B86B6D600BC2183 /* Resources */,
			);
			buildRules = (
			);
			dependencies = (
			);
			name = FootballProRise;
			productName = FootballProRise;
			productReference = AC2AD3FC2B86B6D600BC2183 /* FootballProRise.app */;
			productType = "com.apple.product-type.application";
		};
/* End PBXNativeTarget section */

/* Begin PBXProject section */
		AC2AD3F42B86B6D600BC2183 /* Project object */ = {
			isa = PBXProject;
			attributes = {
				BuildIndependentTargetsInParallel = 1;
				LastSwiftUpdateCheck = 1520;
				LastUpgradeCheck = 1520;
				TargetAttributes = {
					AC2AD3FB2B86B6D600BC2183 = {
						CreatedOnToolsVersion = 15.2;
					};
				};
			};
			buildConfigurationList = AC2AD3F72B86B6D600BC2183 /* Build configuration list for PBXProject "FootballProRise" */;
			compatibilityVersion = "Xcode 14.0";
			developmentRegion = en;
			hasScannedForEncodings = 0;
			knownRegions = (
				en,
				Base,
			);
			mainGroup = AC2AD3F32B86B6D600BC2183;
			productRefGroup = AC2AD3FD2B86B6D600BC2183 /* Products */;
			projectDirPath = "";
			projectRoot = "";
			targets = (
				AC2AD3FB2B86B6D600BC2183 /* FootballProRise */,
			);
		};
/* End PBXProject section */

/* Begin PBXResourcesBuildPhase section */
		AC2AD3FA2B86B6D600BC2183 /* Resources */ = {
			isa = PBXResourcesBuildPhase;
			buildActionMask = 2147483647;
			files = (
				AC2AD4072B86B6D900BC2183 /* Preview Assets.xcassets in Resources */,
				AC2AD4952B8A922E00BC2183 /* Spartan-Medium.ttf in Resources */,
				AC2AD4042B86B6D900BC2183 /* Assets.xcassets in Resources */,
				AC2AD4972B8A946900BC2183 /* Spartan-SemiBold.ttf in Resources */,
				AC2AD47D2B89FEF700BC2183 /* Spartan-ExtraBold.ttf in Resources */,
				AC2AD47F2B89FF0600BC2183 /* Spartan-Regular.ttf in Resources */,
				AC2AD4832B8A01DE00BC2183 /* Spartan-Bold.ttf in Resources */,
			);
			runOnlyForDeploymentPostprocessing = 0;
		};
/* End PBXResourcesBuildPhase section */

/* Begin PBXSourcesBuildPhase section */
		AC2AD3F82B86B6D600BC2183 /* Sources */ = {
			isa = PBXSourcesBuildPhase;
			buildActionMask = 2147483647;
			files = (
				AC2AD47B2B89468700BC2183 /* CarouselLogic.swift in Sources */,
				AC2AD4912B8A6F5C00BC2183 /* GameLogic.swift in Sources */,
				AC2AD48D2B8A452D00BC2183 /* Welcome.swift in Sources */,
				AC2AD48B2B8A086400BC2183 /* Image+ext.swift in Sources */,
				AC2AD5442B8FB1C000BC2183 /* GradAnimation.swift in Sources */,
				AC2AD52C2B8D557900BC2183 /* CarouselView2.swift in Sources */,
				AC2AD5462B8FC71300BC2183 /* Nutrition.swift in Sources */,
				AC2AD4882B8A063400BC2183 /* UserDefaults.swift in Sources */,
				AC2AD4022B86B6D600BC2183 /* ContentView.swift in Sources */,
				AC2AD52F2B8E005400BC2183 /* QuestionModel.swift in Sources */,
				AC2AD4102B86B89400BC2183 /* Text.swift in Sources */,
				AC2AD48F2B8A473900BC2183 /* Fonts.swift in Sources */,
				AC2AD5482B8FCA0700BC2183 /* EnergyLevel.swift in Sources */,
				AC2AD4792B89379100BC2183 /* CarouselView.swift in Sources */,
				AC2AD4932B8A7AE300BC2183 /* Great.swift in Sources */,
				AC2AD4852B8A05CB00BC2183 /* Splash.swift in Sources */,
				AC2AD4002B86B6D600BC2183 /* FootballProRiseApp.swift in Sources */,
			);
			runOnlyForDeploymentPostprocessing = 0;
		};
/* End PBXSourcesBuildPhase section */

/* Begin XCBuildConfiguration section */
		AC2AD4082B86B6D900BC2183 /* Debug */ = {
			isa = XCBuildConfiguration;
			buildSettings = {
				ALWAYS_SEARCH_USER_PATHS = NO;
				ASSETCATALOG_COMPILER_GENERATE_SWIFT_ASSET_SYMBOL_EXTENSIONS = YES;
				CLANG_ANALYZER_NONNULL = YES;
				CLANG_ANALYZER_NUMBER_OBJECT_CONVERSION = YES_AGGRESSIVE;
				CLANG_CXX_LANGUAGE_STANDARD = "gnu++20";
				CLANG_ENABLE_MODULES = YES;
				CLANG_ENABLE_OBJC_ARC = YES;
				CLANG_ENABLE_OBJC_WEAK = YES;
				CLANG_WARN_BLOCK_CAPTURE_AUTORELEASING = YES;
				CLANG_WARN_BOOL_CONVERSION = YES;
				CLANG_WARN_COMMA = YES;
				CLANG_WARN_CONSTANT_CONVERSION = YES;
				CLANG_WARN_DEPRECATED_OBJC_IMPLEMENTATIONS = YES;
				CLANG_WARN_DIRECT_OBJC_ISA_USAGE = YES_ERROR;
				CLANG_WARN_DOCUMENTATION_COMMENTS = YES;
				CLANG_WARN_EMPTY_BODY = YES;
				CLANG_WARN_ENUM_CONVERSION = YES;
				CLANG_WARN_INFINITE_RECURSION = YES;
				CLANG_WARN_INT_CONVERSION = YES;
				CLANG_WARN_NON_LITERAL_NULL_CONVERSION = YES;
				CLANG_WARN_OBJC_IMPLICIT_RETAIN_SELF = YES;
				CLANG_WARN_OBJC_LITERAL_CONVERSION = YES;
				CLANG_WARN_OBJC_ROOT_CLASS = YES_ERROR;
				CLANG_WARN_QUOTED_INCLUDE_IN_FRAMEWORK_HEADER = YES;
				CLANG_WARN_RANGE_LOOP_ANALYSIS = YES;
				CLANG_WARN_STRICT_PROTOTYPES = YES;
				CLANG_WARN_SUSPICIOUS_MOVE = YES;
				CLANG_WARN_UNGUARDED_AVAILABILITY = YES_AGGRESSIVE;
				CLANG_WARN_UNREACHABLE_CODE = YES;
				CLANG_WARN__DUPLICATE_METHOD_MATCH = YES;
				COPY_PHASE_STRIP = NO;
				DEBUG_INFORMATION_FORMAT = dwarf;
				ENABLE_STRICT_OBJC_MSGSEND = YES;
				ENABLE_TESTABILITY = YES;
				ENABLE_USER_SCRIPT_SANDBOXING = YES;
				GCC_C_LANGUAGE_STANDARD = gnu17;
				GCC_DYNAMIC_NO_PIC = NO;
				GCC_NO_COMMON_BLOCKS = YES;
				GCC_OPTIMIZATION_LEVEL = 0;
				GCC_PREPROCESSOR_DEFINITIONS = (
					"DEBUG=1",
					"$(inherited)",
				);
				GCC_WARN_64_TO_32_BIT_CONVERSION = YES;
				GCC_WARN_ABOUT_RETURN_TYPE = YES_ERROR;
				GCC_WARN_UNDECLARED_SELECTOR = YES;
				GCC_WARN_UNINITIALIZED_AUTOS = YES_AGGRESSIVE;
				GCC_WARN_UNUSED_FUNCTION = YES;
				GCC_WARN_UNUSED_VARIABLE = YES;
				IPHONEOS_DEPLOYMENT_TARGET = 17.2;
				LOCALIZATION_PREFERS_STRING_CATALOGS = YES;
				MTL_ENABLE_DEBUG_INFO = INCLUDE_SOURCE;
				MTL_FAST_MATH = YES;
				ONLY_ACTIVE_ARCH = YES;
				SDKROOT = iphoneos;
				SWIFT_ACTIVE_COMPILATION_CONDITIONS = "DEBUG $(inherited)";
				SWIFT_OPTIMIZATION_LEVEL = "-Onone";
			};
			name = Debug;
		};
		AC2AD4092B86B6D900BC2183 /* Release */ = {
			isa = XCBuildConfiguration;
			buildSettings = {
				ALWAYS_SEARCH_USER_PATHS = NO;
				ASSETCATALOG_COMPILER_GENERATE_SWIFT_ASSET_SYMBOL_EXTENSIONS = YES;
				CLANG_ANALYZER_NONNULL = YES;
				CLANG_ANALYZER_NUMBER_OBJECT_CONVERSION = YES_AGGRESSIVE;
				CLANG_CXX_LANGUAGE_STANDARD = "gnu++20";
				CLANG_ENABLE_MODULES = YES;
				CLANG_ENABLE_OBJC_ARC = YES;
				CLANG_ENABLE_OBJC_WEAK = YES;
				CLANG_WARN_BLOCK_CAPTURE_AUTORELEASING = YES;
				CLANG_WARN_BOOL_CONVERSION = YES;
				CLANG_WARN_COMMA = YES;
				CLANG_WARN_CONSTANT_CONVERSION = YES;
				CLANG_WARN_DEPRECATED_OBJC_IMPLEMENTATIONS = YES;
				CLANG_WARN_DIRECT_OBJC_ISA_USAGE = YES_ERROR;
				CLANG_WARN_DOCUMENTATION_COMMENTS = YES;
				CLANG_WARN_EMPTY_BODY = YES;
				CLANG_WARN_ENUM_CONVERSION = YES;
				CLANG_WARN_INFINITE_RECURSION = YES;
				CLANG_WARN_INT_CONVERSION = YES;
				CLANG_WARN_NON_LITERAL_NULL_CONVERSION = YES;
				CLANG_WARN_OBJC_IMPLICIT_RETAIN_SELF = YES;
				CLANG_WARN_OBJC_LITERAL_CONVERSION = YES;
				CLANG_WARN_OBJC_ROOT_CLASS = YES_ERROR;
				CLANG_WARN_QUOTED_INCLUDE_IN_FRAMEWORK_HEADER = YES;
				CLANG_WARN_RANGE_LOOP_ANALYSIS = YES;
				CLANG_WARN_STRICT_PROTOTYPES = YES;
				CLANG_WARN_SUSPICIOUS_MOVE = YES;
				CLANG_WARN_UNGUARDED_AVAILABILITY = YES_AGGRESSIVE;
				CLANG_WARN_UNREACHABLE_CODE = YES;
				CLANG_WARN__DUPLICATE_METHOD_MATCH = YES;
				COPY_PHASE_STRIP = NO;
				DEBUG_INFORMATION_FORMAT = "dwarf-with-dsym";
				ENABLE_NS_ASSERTIONS = NO;
				ENABLE_STRICT_OBJC_MSGSEND = YES;
				ENABLE_USER_SCRIPT_SANDBOXING = YES;
				GCC_C_LANGUAGE_STANDARD = gnu17;
				GCC_NO_COMMON_BLOCKS = YES;
				GCC_WARN_64_TO_32_BIT_CONVERSION = YES;
				GCC_WARN_ABOUT_RETURN_TYPE = YES_ERROR;
				GCC_WARN_UNDECLARED_SELECTOR = YES;
				GCC_WARN_UNINITIALIZED_AUTOS = YES_AGGRESSIVE;
				GCC_WARN_UNUSED_FUNCTION = YES;
				GCC_WARN_UNUSED_VARIABLE = YES;
				IPHONEOS_DEPLOYMENT_TARGET = 17.2;
				LOCALIZATION_PREFERS_STRING_CATALOGS = YES;
				MTL_ENABLE_DEBUG_INFO = NO;
				MTL_FAST_MATH = YES;
				SDKROOT = iphoneos;
				SWIFT_COMPILATION_MODE = wholemodule;
				VALIDATE_PRODUCT = YES;
			};
			name = Release;
		};
		AC2AD40B2B86B6D900BC2183 /* Debug */ = {
			isa = XCBuildConfiguration;
			buildSettings = {
				ASSETCATALOG_COMPILER_APPICON_NAME = AppIcon;
				ASSETCATALOG_COMPILER_GLOBAL_ACCENT_COLOR_NAME = AccentColor;
				CODE_SIGN_STYLE = Automatic;
				CURRENT_PROJECT_VERSION = 1;
				DEVELOPMENT_ASSET_PATHS = "\"FootballProRise/Preview Content\"";
				DEVELOPMENT_TEAM = 482344W3R3;
				ENABLE_PREVIEWS = YES;
				GENERATE_INFOPLIST_FILE = YES;
				INFOPLIST_FILE = FootballProRise/Info.plist;
				INFOPLIST_KEY_UIApplicationSceneManifest_Generation = YES;
				INFOPLIST_KEY_UIApplicationSupportsIndirectInputEvents = YES;
				INFOPLIST_KEY_UILaunchScreen_Generation = YES;
				INFOPLIST_KEY_UISupportedInterfaceOrientations = UIInterfaceOrientationPortrait;
				INFOPLIST_KEY_UISupportedInterfaceOrientations_iPad = "UIInterfaceOrientationLandscapeLeft UIInterfaceOrientationLandscapeRight UIInterfaceOrientationPortrait UIInterfaceOrientationPortraitUpsideDown";
				LD_RUNPATH_SEARCH_PATHS = (
					"$(inherited)",
					"@executable_path/Frameworks",
				);
				MARKETING_VERSION = 1.0;
				PRODUCT_BUNDLE_IDENTIFIER = Artemaj.FootballProRise;
				PRODUCT_NAME = "$(TARGET_NAME)";
				SWIFT_EMIT_LOC_STRINGS = YES;
				SWIFT_VERSION = 5.0;
				TARGETED_DEVICE_FAMILY = "1,2";
			};
			name = Debug;
		};
		AC2AD40C2B86B6D900BC2183 /* Release */ = {
			isa = XCBuildConfiguration;
			buildSettings = {
				ASSETCATALOG_COMPILER_APPICON_NAME = AppIcon;
				ASSETCATALOG_COMPILER_GLOBAL_ACCENT_COLOR_NAME = AccentColor;
				CODE_SIGN_STYLE = Automatic;
				CURRENT_PROJECT_VERSION = 1;
				DEVELOPMENT_ASSET_PATHS = "\"FootballProRise/Preview Content\"";
				DEVELOPMENT_TEAM = 482344W3R3;
				ENABLE_PREVIEWS = YES;
				GENERATE_INFOPLIST_FILE = YES;
				INFOPLIST_FILE = FootballProRise/Info.plist;
				INFOPLIST_KEY_UIApplicationSceneManifest_Generation = YES;
				INFOPLIST_KEY_UIApplicationSupportsIndirectInputEvents = YES;
				INFOPLIST_KEY_UILaunchScreen_Generation = YES;
				INFOPLIST_KEY_UISupportedInterfaceOrientations = UIInterfaceOrientationPortrait;
				INFOPLIST_KEY_UISupportedInterfaceOrientations_iPad = "UIInterfaceOrientationLandscapeLeft UIInterfaceOrientationLandscapeRight UIInterfaceOrientationPortrait UIInterfaceOrientationPortraitUpsideDown";
				LD_RUNPATH_SEARCH_PATHS = (
					"$(inherited)",
					"@executable_path/Frameworks",
				);
				MARKETING_VERSION = 1.0;
				PRODUCT_BUNDLE_IDENTIFIER = Artemaj.FootballProRise;
				PRODUCT_NAME = "$(TARGET_NAME)";
				SWIFT_EMIT_LOC_STRINGS = YES;
				SWIFT_VERSION = 5.0;
				TARGETED_DEVICE_FAMILY = "1,2";
			};
			name = Release;
		};
/* End XCBuildConfiguration section */

/* Begin XCConfigurationList section */
		AC2AD3F72B86B6D600BC2183 /* Build configuration list for PBXProject "FootballProRise" */ = {
			isa = XCConfigurationList;
			buildConfigurations = (
				AC2AD4082B86B6D900BC2183 /* Debug */,
				AC2AD4092B86B6D900BC2183 /* Release */,
			);
			defaultConfigurationIsVisible = 0;
			defaultConfigurationName = Release;
		};
		AC2AD40A2B86B6D900BC2183 /* Build configuration list for PBXNativeTarget "FootballProRise" */ = {
			isa = XCConfigurationList;
			buildConfigurations = (
				AC2AD40B2B86B6D900BC2183 /* Debug */,
				AC2AD40C2B86B6D900BC2183 /* Release */,
			);
			defaultConfigurationIsVisible = 0;
			defaultConfigurationName = Release;
		};
/* End XCConfigurationList section */
	};
	rootObject = AC2AD3F42B86B6D600BC2183 /* Project object */;
}
